
Microsoft Visual Studio Solution File, Format Version 12.00
# Visual Studio Version 17
VisualStudioVersion = 17.11.35327.3
MinimumVisualStudioVersion = 10.0.40219.1
Project("{9A19103F-16F7-4668-BE54-9A1E7A4F7556}") = "PcStore.Web", "PcStore\PcStore.Web.csproj", "{A78F50B0-4AA4-409D-93EC-094D3D987FBE}"
	ProjectSection(ProjectDependencies) = postProject
		{4BDDBB42-9820-4EEF-B2B2-3088CBC745BC} = {4BDDBB42-9820-4EEF-B2B2-3088CBC745BC}
		{5BD52FD0-8347-4021-BBB2-56A76DC98E62} = {5BD52FD0-8347-4021-BBB2-56A76DC98E62}
		{C9AA9233-04DC-42D0-8B90-923CF7C883BE} = {C9AA9233-04DC-42D0-8B90-923CF7C883BE}
		{E36A49CE-C29C-4792-9A54-4DBC80577430} = {E36A49CE-C29C-4792-9A54-4DBC80577430}
		{FBDB343A-FB6D-4C3D-B154-696E693CD70C} = {FBDB343A-FB6D-4C3D-B154-696E693CD70C}
	EndProjectSection
EndProject
Project("{2150E333-8FDC-42A3-9474-1A3956D46DE8}") = "Data", "Data", "{1850623F-716C-4D92-BF08-4FEE84F4546F}"
EndProject
Project("{9A19103F-16F7-4668-BE54-9A1E7A4F7556}") = "PcStore.Data.Models", "PcStore.Data.Models\PcStore.Data.Models.csproj", "{B77FA03D-890A-4E53-B09F-0E65D48D6F1F}"
EndProject
Project("{2150E333-8FDC-42A3-9474-1A3956D46DE8}") = "Services", "Services", "{F495CF43-E314-4965-95E3-69E8696E8F5D}"
EndProject
Project("{9A19103F-16F7-4668-BE54-9A1E7A4F7556}") = "PcStore.Services.Data", "PcStore.Services.Data\PcStore.Services.Data.csproj", "{4BDDBB42-9820-4EEF-B2B2-3088CBC745BC}"
	ProjectSection(ProjectDependencies) = postProject
		{5BD52FD0-8347-4021-BBB2-56A76DC98E62} = {5BD52FD0-8347-4021-BBB2-56A76DC98E62}
		{E36A49CE-C29C-4792-9A54-4DBC80577430} = {E36A49CE-C29C-4792-9A54-4DBC80577430}
		{FBDB343A-FB6D-4C3D-B154-696E693CD70C} = {FBDB343A-FB6D-4C3D-B154-696E693CD70C}
	EndProjectSection
EndProject
Project("{2150E333-8FDC-42A3-9474-1A3956D46DE8}") = "Web", "Web", "{D75AC928-C42A-4BA2-A968-4B56E9AFFFC6}"
EndProject
Project("{9A19103F-16F7-4668-BE54-9A1E7A4F7556}") = "PcStore.Web.Infrastructure", "PcStore.Web.Infrastructure\PcStore.Web.Infrastructure.csproj", "{C9AA9233-04DC-42D0-8B90-923CF7C883BE}"
	ProjectSection(ProjectDependencies) = postProject
		{B77FA03D-890A-4E53-B09F-0E65D48D6F1F} = {B77FA03D-890A-4E53-B09F-0E65D48D6F1F}
		{E36A49CE-C29C-4792-9A54-4DBC80577430} = {E36A49CE-C29C-4792-9A54-4DBC80577430}
	EndProjectSection
EndProject
Project("{9A19103F-16F7-4668-BE54-9A1E7A4F7556}") = "PcStore.Web.ViewModels", "PcStore.Web.ViewModels\PcStore.Web.ViewModels.csproj", "{FBDB343A-FB6D-4C3D-B154-696E693CD70C}"
	ProjectSection(ProjectDependencies) = postProject
		{5BD52FD0-8347-4021-BBB2-56A76DC98E62} = {5BD52FD0-8347-4021-BBB2-56A76DC98E62}
		{B77FA03D-890A-4E53-B09F-0E65D48D6F1F} = {B77FA03D-890A-4E53-B09F-0E65D48D6F1F}
	EndProjectSection
EndProject
Project("{9A19103F-16F7-4668-BE54-9A1E7A4F7556}") = "PcStore.Common", "PcStore.Common\PcStore.Common.csproj", "{5BD52FD0-8347-4021-BBB2-56A76DC98E62}"
EndProject
Project("{9A19103F-16F7-4668-BE54-9A1E7A4F7556}") = "PcStore.Data", "PcStore.Data\PcStore.Data.csproj", "{E36A49CE-C29C-4792-9A54-4DBC80577430}"
	ProjectSection(ProjectDependencies) = postProject
		{5BD52FD0-8347-4021-BBB2-56A76DC98E62} = {5BD52FD0-8347-4021-BBB2-56A76DC98E62}
		{B77FA03D-890A-4E53-B09F-0E65D48D6F1F} = {B77FA03D-890A-4E53-B09F-0E65D48D6F1F}
	EndProjectSection
EndProject
Global
	GlobalSection(SolutionConfigurationPlatforms) = preSolution
		Debug|Any CPU = Debug|Any CPU
		Release|Any CPU = Release|Any CPU
	EndGlobalSection
	GlobalSection(ProjectConfigurationPlatforms) = postSolution
		{A78F50B0-4AA4-409D-93EC-094D3D987FBE}.Debug|Any CPU.ActiveCfg = Debug|Any CPU
		{A78F50B0-4AA4-409D-93EC-094D3D987FBE}.Debug|Any CPU.Build.0 = Debug|Any CPU
		{A78F50B0-4AA4-409D-93EC-094D3D987FBE}.Release|Any CPU.ActiveCfg = Release|Any CPU
		{A78F50B0-4AA4-409D-93EC-094D3D987FBE}.Release|Any CPU.Build.0 = Release|Any CPU
		{B77FA03D-890A-4E53-B09F-0E65D48D6F1F}.Debug|Any CPU.ActiveCfg = Debug|Any CPU
		{B77FA03D-890A-4E53-B09F-0E65D48D6F1F}.Debug|Any CPU.Build.0 = Debug|Any CPU
		{B77FA03D-890A-4E53-B09F-0E65D48D6F1F}.Release|Any CPU.ActiveCfg = Release|Any CPU
		{B77FA03D-890A-4E53-B09F-0E65D48D6F1F}.Release|Any CPU.Build.0 = Release|Any CPU
		{4BDDBB42-9820-4EEF-B2B2-3088CBC745BC}.Debug|Any CPU.ActiveCfg = Debug|Any CPU
		{4BDDBB42-9820-4EEF-B2B2-3088CBC745BC}.Debug|Any CPU.Build.0 = Debug|Any CPU
		{4BDDBB42-9820-4EEF-B2B2-3088CBC745BC}.Release|Any CPU.ActiveCfg = Release|Any CPU
		{4BDDBB42-9820-4EEF-B2B2-3088CBC745BC}.Release|Any CPU.Build.0 = Release|Any CPU
		{C9AA9233-04DC-42D0-8B90-923CF7C883BE}.Debug|Any CPU.ActiveCfg = Debug|Any CPU
		{C9AA9233-04DC-42D0-8B90-923CF7C883BE}.Debug|Any CPU.Build.0 = Debug|Any CPU
		{C9AA9233-04DC-42D0-8B90-923CF7C883BE}.Release|Any CPU.ActiveCfg = Release|Any CPU
		{C9AA9233-04DC-42D0-8B90-923CF7C883BE}.Release|Any CPU.Build.0 = Release|Any CPU
		{FBDB343A-FB6D-4C3D-B154-696E693CD70C}.Debug|Any CPU.ActiveCfg = Debug|Any CPU
		{FBDB343A-FB6D-4C3D-B154-696E693CD70C}.Debug|Any CPU.Build.0 = Debug|Any CPU
		{FBDB343A-FB6D-4C3D-B154-696E693CD70C}.Release|Any CPU.ActiveCfg = Release|Any CPU
		{FBDB343A-FB6D-4C3D-B154-696E693CD70C}.Release|Any CPU.Build.0 = Release|Any CPU
		{5BD52FD0-8347-4021-BBB2-56A76DC98E62}.Debug|Any CPU.ActiveCfg = Debug|Any CPU
		{5BD52FD0-8347-4021-BBB2-56A76DC98E62}.Debug|Any CPU.Build.0 = Debug|Any CPU
		{5BD52FD0-8347-4021-BBB2-56A76DC98E62}.Release|Any CPU.ActiveCfg = Release|Any CPU
		{5BD52FD0-8347-4021-BBB2-56A76DC98E62}.Release|Any CPU.Build.0 = Release|Any CPU
		{E36A49CE-C29C-4792-9A54-4DBC80577430}.Debug|Any CPU.ActiveCfg = Debug|Any CPU
		{E36A49CE-C29C-4792-9A54-4DBC80577430}.Debug|Any CPU.Build.0 = Debug|Any CPU
		{E36A49CE-C29C-4792-9A54-4DBC80577430}.Release|Any CPU.ActiveCfg = Release|Any CPU
		{E36A49CE-C29C-4792-9A54-4DBC80577430}.Release|Any CPU.Build.0 = Release|Any CPU
	EndGlobalSection
	GlobalSection(SolutionProperties) = preSolution
		HideSolutionNode = FALSE
	EndGlobalSection
	GlobalSection(NestedProjects) = preSolution
		{A78F50B0-4AA4-409D-93EC-094D3D987FBE} = {D75AC928-C42A-4BA2-A968-4B56E9AFFFC6}
		{B77FA03D-890A-4E53-B09F-0E65D48D6F1F} = {1850623F-716C-4D92-BF08-4FEE84F4546F}
		{4BDDBB42-9820-4EEF-B2B2-3088CBC745BC} = {F495CF43-E314-4965-95E3-69E8696E8F5D}
		{C9AA9233-04DC-42D0-8B90-923CF7C883BE} = {D75AC928-C42A-4BA2-A968-4B56E9AFFFC6}
		{FBDB343A-FB6D-4C3D-B154-696E693CD70C} = {D75AC928-C42A-4BA2-A968-4B56E9AFFFC6}
		{E36A49CE-C29C-4792-9A54-4DBC80577430} = {1850623F-716C-4D92-BF08-4FEE84F4546F}
	EndGlobalSection
	GlobalSection(ExtensibilityGlobals) = postSolution
		SolutionGuid = {10528B29-EA00-489B-931E-DCDDC57E5AD8}
	EndGlobalSection
EndGlobal
